
Microsoft Visual Studio Solution File, Format Version 12.00
# Visual Studio Version 17
VisualStudioVersion = 17.8.34525.116
MinimumVisualStudioVersion = 10.0.40219.1
Project("{9A19103F-16F7-4668-BE54-9A1E7A4F7556}") = "LearnFrameworkMvc", "LearnFrameworkMvc\LearnFrameworkMvc.csproj", "{137421A8-8178-45B5-80F7-4F151D4CEEAF}"
EndProject
Project("{9A19103F-16F7-4668-BE54-9A1E7A4F7556}") = "LearnFrameworkMvc.Module", "LearnFrameworkMvc.Module\LearnFrameworkMvc.Module.csproj", "{46C76503-00A0-4C8D-90F2-CFEC4AF4CCE8}"
EndProject
Project("{2150E333-8FDC-42A3-9474-1A3956D46DE8}") = "Query", "Query", "{69BE18C4-BCCA-4608-BB7E-55A5DBEF8B54}"
EndProject
Project("{2150E333-8FDC-42A3-9474-1A3956D46DE8}") = "Table", "Table", "{E15501E1-4B1E-4EE1-9B34-04FA9E7159EE}"
	ProjectSection(SolutionItems) = preProject
		Products.sql = Products.sql
		Student.sql = Student.sql
	EndProjectSection
EndProject
Global
	GlobalSection(SolutionConfigurationPlatforms) = preSolution
		Debug|Any CPU = Debug|Any CPU
		Release|Any CPU = Release|Any CPU
	EndGlobalSection
	GlobalSection(ProjectConfigurationPlatforms) = postSolution
		{137421A8-8178-45B5-80F7-4F151D4CEEAF}.Debug|Any CPU.ActiveCfg = Debug|Any CPU
		{137421A8-8178-45B5-80F7-4F151D4CEEAF}.Debug|Any CPU.Build.0 = Debug|Any CPU
		{137421A8-8178-45B5-80F7-4F151D4CEEAF}.Release|Any CPU.ActiveCfg = Release|Any CPU
		{137421A8-8178-45B5-80F7-4F151D4CEEAF}.Release|Any CPU.Build.0 = Release|Any CPU
		{46C76503-00A0-4C8D-90F2-CFEC4AF4CCE8}.Debug|Any CPU.ActiveCfg = Debug|Any CPU
		{46C76503-00A0-4C8D-90F2-CFEC4AF4CCE8}.Debug|Any CPU.Build.0 = Debug|Any CPU
		{46C76503-00A0-4C8D-90F2-CFEC4AF4CCE8}.Release|Any CPU.ActiveCfg = Release|Any CPU
		{46C76503-00A0-4C8D-90F2-CFEC4AF4CCE8}.Release|Any CPU.Build.0 = Release|Any CPU
	EndGlobalSection
	GlobalSection(SolutionProperties) = preSolution
		HideSolutionNode = FALSE
	EndGlobalSection
	GlobalSection(NestedProjects) = preSolution
		{E15501E1-4B1E-4EE1-9B34-04FA9E7159EE} = {69BE18C4-BCCA-4608-BB7E-55A5DBEF8B54}
	EndGlobalSection
	GlobalSection(ExtensibilityGlobals) = postSolution
		SolutionGuid = {A06DACB6-7B64-485A-91D6-B67EBB6E0EF8}
	EndGlobalSection
EndGlobal
