
Microsoft Visual Studio Solution File, Format Version 12.00
# Visual Studio Version 17
VisualStudioVersion = 17.8.34525.116
MinimumVisualStudioVersion = 10.0.40219.1
Project("{9A19103F-16F7-4668-BE54-9A1E7A4F7556}") = "LearnFrameworkMvc.Module", "LearnFrameworkMvc.Module\LearnFrameworkMvc.Module.csproj", "{46C76503-00A0-4C8D-90F2-CFEC4AF4CCE8}"
EndProject
Project("{2150E333-8FDC-42A3-9474-1A3956D46DE8}") = "Query", "Query", "{69BE18C4-BCCA-4608-BB7E-55A5DBEF8B54}"
EndProject
Project("{2150E333-8FDC-42A3-9474-1A3956D46DE8}") = "Table", "Table", "{E15501E1-4B1E-4EE1-9B34-04FA9E7159EE}"
	ProjectSection(SolutionItems) = preProject
		Products.sql = Products.sql
		Student.sql = Student.sql
	EndProjectSection
EndProject
Project("{2150E333-8FDC-42A3-9474-1A3956D46DE8}") = "LearnDupper", "LearnDupper", "{426BB4B9-420D-4D2F-9D04-2A3CF91DEEA1}"
	ProjectSection(SolutionItems) = preProject
		LEARN_DUPPER_PRODUCT.sql = LEARN_DUPPER_PRODUCT.sql
	EndProjectSection
EndProject
Project("{9A19103F-16F7-4668-BE54-9A1E7A4F7556}") = "LearnFrameworkMvc.Web", "LearnFrameworkMvc.Web\LearnFrameworkMvc.Web.csproj", "{66E07005-4DF0-4427-9500-ADB9D9B7B770}"
EndProject
Project("{2150E333-8FDC-42A3-9474-1A3956D46DE8}") = "MASTER", "MASTER", "{A694F24A-CFC2-47E2-ADE3-83F3644BD72E}"
EndProject
Project("{2150E333-8FDC-42A3-9474-1A3956D46DE8}") = "PRODUCT", "PRODUCT", "{AE9AA34D-67B7-4087-8CC6-79DD2807944F}"
	ProjectSection(SolutionItems) = preProject
		TB_M_PRODUCT.sql = TB_M_PRODUCT.sql
	EndProjectSection
EndProject
Project("{2150E333-8FDC-42A3-9474-1A3956D46DE8}") = "PRODUCT_CATEGORY", "PRODUCT_CATEGORY", "{DED1FBB7-E0C4-4BA6-93D4-E82659139ACB}"
	ProjectSection(SolutionItems) = preProject
		TB_M_PRODUCT_CATEGORY.sql = TB_M_PRODUCT_CATEGORY.sql
	EndProjectSection
EndProject
Global
	GlobalSection(SolutionConfigurationPlatforms) = preSolution
		Debug|Any CPU = Debug|Any CPU
		Release|Any CPU = Release|Any CPU
	EndGlobalSection
	GlobalSection(ProjectConfigurationPlatforms) = postSolution
		{46C76503-00A0-4C8D-90F2-CFEC4AF4CCE8}.Debug|Any CPU.ActiveCfg = Debug|Any CPU
		{46C76503-00A0-4C8D-90F2-CFEC4AF4CCE8}.Debug|Any CPU.Build.0 = Debug|Any CPU
		{46C76503-00A0-4C8D-90F2-CFEC4AF4CCE8}.Release|Any CPU.ActiveCfg = Release|Any CPU
		{46C76503-00A0-4C8D-90F2-CFEC4AF4CCE8}.Release|Any CPU.Build.0 = Release|Any CPU
		{66E07005-4DF0-4427-9500-ADB9D9B7B770}.Debug|Any CPU.ActiveCfg = Debug|Any CPU
		{66E07005-4DF0-4427-9500-ADB9D9B7B770}.Debug|Any CPU.Build.0 = Debug|Any CPU
		{66E07005-4DF0-4427-9500-ADB9D9B7B770}.Release|Any CPU.ActiveCfg = Release|Any CPU
		{66E07005-4DF0-4427-9500-ADB9D9B7B770}.Release|Any CPU.Build.0 = Release|Any CPU
	EndGlobalSection
	GlobalSection(SolutionProperties) = preSolution
		HideSolutionNode = FALSE
	EndGlobalSection
	GlobalSection(NestedProjects) = preSolution
		{E15501E1-4B1E-4EE1-9B34-04FA9E7159EE} = {69BE18C4-BCCA-4608-BB7E-55A5DBEF8B54}
		{426BB4B9-420D-4D2F-9D04-2A3CF91DEEA1} = {69BE18C4-BCCA-4608-BB7E-55A5DBEF8B54}
		{A694F24A-CFC2-47E2-ADE3-83F3644BD72E} = {69BE18C4-BCCA-4608-BB7E-55A5DBEF8B54}
		{AE9AA34D-67B7-4087-8CC6-79DD2807944F} = {A694F24A-CFC2-47E2-ADE3-83F3644BD72E}
		{DED1FBB7-E0C4-4BA6-93D4-E82659139ACB} = {A694F24A-CFC2-47E2-ADE3-83F3644BD72E}
	EndGlobalSection
	GlobalSection(ExtensibilityGlobals) = postSolution
		SolutionGuid = {A06DACB6-7B64-485A-91D6-B67EBB6E0EF8}
	EndGlobalSection
EndGlobal
